
Microsoft Visual Studio Solution File, Format Version 12.00
Project("{FAE04EC0-301F-11D3-BF4B-00C04F79EFBC}") = "Messages", "Messages\Messages.csproj", "{A6A0C5A2-DEAA-4AB6-A5AA-87D36382AE63}"
EndProject
Project("{FAE04EC0-301F-11D3-BF4B-00C04F79EFBC}") = "Publisher", "Publisher\Publisher.csproj", "{A368E59A-65B4-4454-B132-A69F739361E3}"
EndProject
Project("{FAE04EC0-301F-11D3-BF4B-00C04F79EFBC}") = "Consumer", "Consumer\Consumer.csproj", "{22FA7042-3D0F-42C0-84D2-2B3DE3DB5ADE}"
EndProject
Global
	GlobalSection(SolutionConfigurationPlatforms) = preSolution
		Debug|Any CPU = Debug|Any CPU
		Release|Any CPU = Release|Any CPU
	EndGlobalSection
	GlobalSection(ProjectConfigurationPlatforms) = postSolution
		{A6A0C5A2-DEAA-4AB6-A5AA-87D36382AE63}.Debug|Any CPU.ActiveCfg = Debug|Any CPU
		{A6A0C5A2-DEAA-4AB6-A5AA-87D36382AE63}.Debug|Any CPU.Build.0 = Debug|Any CPU
		{A6A0C5A2-DEAA-4AB6-A5AA-87D36382AE63}.Release|Any CPU.ActiveCfg = Release|Any CPU
		{A6A0C5A2-DEAA-4AB6-A5AA-87D36382AE63}.Release|Any CPU.Build.0 = Release|Any CPU
		{A368E59A-65B4-4454-B132-A69F739361E3}.Debug|Any CPU.ActiveCfg = Debug|Any CPU
		{A368E59A-65B4-4454-B132-A69F739361E3}.Debug|Any CPU.Build.0 = Debug|Any CPU
		{A368E59A-65B4-4454-B132-A69F739361E3}.Release|Any CPU.ActiveCfg = Release|Any CPU
		{A368E59A-65B4-4454-B132-A69F739361E3}.Release|Any CPU.Build.0 = Release|Any CPU
		{22FA7042-3D0F-42C0-84D2-2B3DE3DB5ADE}.Debug|Any CPU.ActiveCfg = Debug|Any CPU
		{22FA7042-3D0F-42C0-84D2-2B3DE3DB5ADE}.Debug|Any CPU.Build.0 = Debug|Any CPU
		{22FA7042-3D0F-42C0-84D2-2B3DE3DB5ADE}.Release|Any CPU.ActiveCfg = Release|Any CPU
		{22FA7042-3D0F-42C0-84D2-2B3DE3DB5ADE}.Release|Any CPU.Build.0 = Release|Any CPU
	EndGlobalSection
EndGlobal
