
Microsoft Visual Studio Solution File, Format Version 12.00
Project("{2150E333-8FDC-42A3-9474-1A3956D46DE8}") = "sample1", "sample1", "{44570F95-CF89-44DB-8C5C-6D55A43F534E}"
EndProject
Project("{FAE04EC0-301F-11D3-BF4B-00C04F79EFBC}") = "Messages", "sample1\Messages\Messages.csproj", "{62FEE286-9CF1-4439-9BB7-B754CCEF3F2F}"
EndProject
Project("{FAE04EC0-301F-11D3-BF4B-00C04F79EFBC}") = "Consumer", "sample1\Consumer\Consumer.csproj", "{8018F17D-197F-41A6-9338-899E407E011F}"
EndProject
Project("{FAE04EC0-301F-11D3-BF4B-00C04F79EFBC}") = "Publisher", "sample1\Publisher\Publisher.csproj", "{F294051B-BB1E-4EB8-ACDD-CF1A3E957C76}"
EndProject
Global
	GlobalSection(SolutionConfigurationPlatforms) = preSolution
		Debug|Any CPU = Debug|Any CPU
		Release|Any CPU = Release|Any CPU
	EndGlobalSection
	GlobalSection(NestedProjects) = preSolution
		{62FEE286-9CF1-4439-9BB7-B754CCEF3F2F} = {44570F95-CF89-44DB-8C5C-6D55A43F534E}
		{8018F17D-197F-41A6-9338-899E407E011F} = {44570F95-CF89-44DB-8C5C-6D55A43F534E}
		{F294051B-BB1E-4EB8-ACDD-CF1A3E957C76} = {44570F95-CF89-44DB-8C5C-6D55A43F534E}
	EndGlobalSection
	GlobalSection(ProjectConfigurationPlatforms) = postSolution
		{62FEE286-9CF1-4439-9BB7-B754CCEF3F2F}.Debug|Any CPU.ActiveCfg = Debug|Any CPU
		{62FEE286-9CF1-4439-9BB7-B754CCEF3F2F}.Debug|Any CPU.Build.0 = Debug|Any CPU
		{62FEE286-9CF1-4439-9BB7-B754CCEF3F2F}.Release|Any CPU.ActiveCfg = Release|Any CPU
		{62FEE286-9CF1-4439-9BB7-B754CCEF3F2F}.Release|Any CPU.Build.0 = Release|Any CPU
		{8018F17D-197F-41A6-9338-899E407E011F}.Debug|Any CPU.ActiveCfg = Debug|Any CPU
		{8018F17D-197F-41A6-9338-899E407E011F}.Debug|Any CPU.Build.0 = Debug|Any CPU
		{8018F17D-197F-41A6-9338-899E407E011F}.Release|Any CPU.ActiveCfg = Release|Any CPU
		{8018F17D-197F-41A6-9338-899E407E011F}.Release|Any CPU.Build.0 = Release|Any CPU
		{F294051B-BB1E-4EB8-ACDD-CF1A3E957C76}.Debug|Any CPU.ActiveCfg = Debug|Any CPU
		{F294051B-BB1E-4EB8-ACDD-CF1A3E957C76}.Debug|Any CPU.Build.0 = Debug|Any CPU
		{F294051B-BB1E-4EB8-ACDD-CF1A3E957C76}.Release|Any CPU.ActiveCfg = Release|Any CPU
		{F294051B-BB1E-4EB8-ACDD-CF1A3E957C76}.Release|Any CPU.Build.0 = Release|Any CPU
	EndGlobalSection
EndGlobal
